
Microsoft Visual Studio Solution File, Format Version 12.00
# Visual Studio Version 17
VisualStudioVersion = 17.7.34031.279
MinimumVisualStudioVersion = 10.0.40219.1
Project("{FAE04EC0-301F-11D3-BF4B-00C04F79EFBC}") = "MobileMTH", "MobileMTH\MobileMTH.csproj", "{C34EE62B-B4B9-4DA8-B4D2-49071E779089}"
EndProject
Global
	GlobalSection(SolutionConfigurationPlatforms) = preSolution
		Debug|Any CPU = Debug|Any CPU
		Release|Any CPU = Release|Any CPU
	EndGlobalSection
	GlobalSection(ProjectConfigurationPlatforms) = postSolution
		{C34EE62B-B4B9-4DA8-B4D2-49071E779089}.Debug|Any CPU.ActiveCfg = Debug|Any CPU
		{C34EE62B-B4B9-4DA8-B4D2-49071E779089}.Debug|Any CPU.Build.0 = Debug|Any CPU
		{C34EE62B-B4B9-4DA8-B4D2-49071E779089}.Debug|Any CPU.Deploy.0 = Debug|Any CPU
		{C34EE62B-B4B9-4DA8-B4D2-49071E779089}.Release|Any CPU.ActiveCfg = Release|Any CPU
		{C34EE62B-B4B9-4DA8-B4D2-49071E779089}.Release|Any CPU.Build.0 = Release|Any CPU
		{C34EE62B-B4B9-4DA8-B4D2-49071E779089}.Release|Any CPU.Deploy.0 = Release|Any CPU
	EndGlobalSection
	GlobalSection(SolutionProperties) = preSolution
		HideSolutionNode = FALSE
	EndGlobalSection
	GlobalSection(ExtensibilityGlobals) = postSolution
		SolutionGuid = {D9395F88-9FAD-4492-B58C-5721C56D9AA3}
	EndGlobalSection
EndGlobal
